
Microsoft Visual Studio Solution File, Format Version 12.00
# Visual Studio Version 17
VisualStudioVersion = 17.14.36908.2
MinimumVisualStudioVersion = 10.0.40219.1
Project("{FAE04EC0-301F-11D3-BF4B-00C04F79EFBC}") = "UserDetailsApi", "UserDetailsApi.csproj", "{69742226-3F0F-49C6-9BD5-2E33C2C571BC}"
EndProject
Project("{FAE04EC0-301F-11D3-BF4B-00C04F79EFBC}") = "UserDetailsApi.Tests", "..\UserDetailsApi.Tests\UserDetailsApi.Tests.csproj", "{A7AE74BC-599F-4A0F-974A-3A06C69452F2}"
EndProject
Global
	GlobalSection(SolutionConfigurationPlatforms) = preSolution
		Debug|Any CPU = Debug|Any CPU
		Release|Any CPU = Release|Any CPU
	EndGlobalSection
	GlobalSection(ProjectConfigurationPlatforms) = postSolution
		{69742226-3F0F-49C6-9BD5-2E33C2C571BC}.Debug|Any CPU.ActiveCfg = Debug|Any CPU
		{69742226-3F0F-49C6-9BD5-2E33C2C571BC}.Debug|Any CPU.Build.0 = Debug|Any CPU
		{69742226-3F0F-49C6-9BD5-2E33C2C571BC}.Release|Any CPU.ActiveCfg = Release|Any CPU
		{69742226-3F0F-49C6-9BD5-2E33C2C571BC}.Release|Any CPU.Build.0 = Release|Any CPU
		{A7AE74BC-599F-4A0F-974A-3A06C69452F2}.Debug|Any CPU.ActiveCfg = Debug|Any CPU
		{A7AE74BC-599F-4A0F-974A-3A06C69452F2}.Debug|Any CPU.Build.0 = Debug|Any CPU
		{A7AE74BC-599F-4A0F-974A-3A06C69452F2}.Release|Any CPU.ActiveCfg = Release|Any CPU
		{A7AE74BC-599F-4A0F-974A-3A06C69452F2}.Release|Any CPU.Build.0 = Release|Any CPU
	EndGlobalSection
	GlobalSection(SolutionProperties) = preSolution
		HideSolutionNode = FALSE
	EndGlobalSection
	GlobalSection(ExtensibilityGlobals) = postSolution
		SolutionGuid = {40EFDF48-811D-4A94-B71B-2C21CB5E7AE7}
	EndGlobalSection
EndGlobal
